// !$*UTF8*$!
{
	archiveVersion = 1;
	classes = {
	};
	objectVersion = 46;
	objects = {

/* Begin PBXBuildFile section */
		12D778721F8CB4860037CAF2 /* FSAlbumView.xib in Resources */ = {isa = PBXBuildFile; fileRef = 12F906331F8631F500464027 /* FSAlbumView.xib */; };
		12D778731F8CB4860037CAF2 /* FSAlbumViewCell.xib in Resources */ = {isa = PBXBuildFile; fileRef = 12F906341F8631F600464027 /* FSAlbumViewCell.xib */; };
		12D778741F8CB4860037CAF2 /* FSCameraView.xib in Resources */ = {isa = PBXBuildFile; fileRef = 12F906351F8631F600464027 /* FSCameraView.xib */; };
		12D778751F8CB4860037CAF2 /* FSVideoCameraView.xib in Resources */ = {isa = PBXBuildFile; fileRef = 12F906321F8631F500464027 /* FSVideoCameraView.xib */; };
		12D778761F8CB4860037CAF2 /* FusumaViewController.xib in Resources */ = {isa = PBXBuildFile; fileRef = 12F906361F8631F600464027 /* FusumaViewController.xib */; };
		12D778771F8CB48D0037CAF2 /* ic_check_white_48pt.png in Resources */ = {isa = PBXBuildFile; fileRef = 12F906B31F863A2B00464027 /* ic_check_white_48pt.png */; };
		12D778781F8CB48D0037CAF2 /* ic_check_white_48pt@2x.png in Resources */ = {isa = PBXBuildFile; fileRef = 12F906BA1F863A2C00464027 /* ic_check_white_48pt@2x.png */; };
		12D778791F8CB48D0037CAF2 /* ic_check_white_48pt@3x.png in Resources */ = {isa = PBXBuildFile; fileRef = 12F906C11F863A2D00464027 /* ic_check_white_48pt@3x.png */; };
		12D7787A1F8CB48D0037CAF2 /* ic_close_white_48pt.png in Resources */ = {isa = PBXBuildFile; fileRef = 12F906B01F863A2B00464027 /* ic_close_white_48pt.png */; };
		12D7787B1F8CB48D0037CAF2 /* ic_close_white_48pt@2x.png in Resources */ = {isa = PBXBuildFile; fileRef = 12F906C61F863A2E00464027 /* ic_close_white_48pt@2x.png */; };
		12D7787C1F8CB48D0037CAF2 /* ic_close_white_48pt@3x.png in Resources */ = {isa = PBXBuildFile; fileRef = 12F906BE1F863A2D00464027 /* ic_close_white_48pt@3x.png */; };
		12D7787D1F8CB48D0037CAF2 /* ic_flash_auto_white_48pt.png in Resources */ = {isa = PBXBuildFile; fileRef = 12F906B11F863A2B00464027 /* ic_flash_auto_white_48pt.png */; };
		12D7787E1F8CB48D0037CAF2 /* ic_flash_auto_white_48pt@2x.png in Resources */ = {isa = PBXBuildFile; fileRef = 12F906BC1F863A2C00464027 /* ic_flash_auto_white_48pt@2x.png */; };
		12D7787F1F8CB48D0037CAF2 /* ic_flash_auto_white_48pt@3x.png in Resources */ = {isa = PBXBuildFile; fileRef = 12F906AF1F863A2B00464027 /* ic_flash_auto_white_48pt@3x.png */; };
		12D778801F8CB48D0037CAF2 /* ic_flash_off_white_48pt.png in Resources */ = {isa = PBXBuildFile; fileRef = 12F906B71F863A2C00464027 /* ic_flash_off_white_48pt.png */; };
		12D778811F8CB48D0037CAF2 /* ic_flash_off_white_48pt@2x.png in Resources */ = {isa = PBXBuildFile; fileRef = 12F906B91F863A2C00464027 /* ic_flash_off_white_48pt@2x.png */; };
		12D778821F8CB48D0037CAF2 /* ic_flash_off_white_48pt@3x.png in Resources */ = {isa = PBXBuildFile; fileRef = 12F906B21F863A2B00464027 /* ic_flash_off_white_48pt@3x.png */; };
		12D778831F8CB48D0037CAF2 /* ic_flash_on_white_48pt.png in Resources */ = {isa = PBXBuildFile; fileRef = 12F906B41F863A2B00464027 /* ic_flash_on_white_48pt.png */; };
		12D778841F8CB48D0037CAF2 /* ic_flash_on_white_48pt@2x.png in Resources */ = {isa = PBXBuildFile; fileRef = 12F906BD1F863A2C00464027 /* ic_flash_on_white_48pt@2x.png */; };
		12D778851F8CB48D0037CAF2 /* ic_flash_on_white_48pt@3x.png in Resources */ = {isa = PBXBuildFile; fileRef = 12F906C91F863A2E00464027 /* ic_flash_on_white_48pt@3x.png */; };
		12D778861F8CB48D0037CAF2 /* ic_loop_white_48pt.png in Resources */ = {isa = PBXBuildFile; fileRef = 12F906AC1F863A2B00464027 /* ic_loop_white_48pt.png */; };
		12D778871F8CB48D0037CAF2 /* ic_loop_white_48pt@2x.png in Resources */ = {isa = PBXBuildFile; fileRef = 12F906BF1F863A2D00464027 /* ic_loop_white_48pt@2x.png */; };
		12D778881F8CB48D0037CAF2 /* ic_loop_white_48pt@3x.png in Resources */ = {isa = PBXBuildFile; fileRef = 12F906AE1F863A2B00464027 /* ic_loop_white_48pt@3x.png */; };
		12D778891F8CB48D0037CAF2 /* ic_photo_camera_white_36pt.png in Resources */ = {isa = PBXBuildFile; fileRef = 12F906C01F863A2D00464027 /* ic_photo_camera_white_36pt.png */; };
		12D7788A1F8CB48D0037CAF2 /* ic_photo_camera_white_36pt@2x.png in Resources */ = {isa = PBXBuildFile; fileRef = 12F906B61F863A2C00464027 /* ic_photo_camera_white_36pt@2x.png */; };
		12D7788B1F8CB48D0037CAF2 /* ic_photo_camera_white_36pt@3x.png in Resources */ = {isa = PBXBuildFile; fileRef = 12F906AD1F863A2B00464027 /* ic_photo_camera_white_36pt@3x.png */; };
		12D7788C1F8CB48D0037CAF2 /* ic_photo_white_36pt.png in Resources */ = {isa = PBXBuildFile; fileRef = 12F906C41F863A2D00464027 /* ic_photo_white_36pt.png */; };
		12D7788D1F8CB48D0037CAF2 /* ic_photo_white_36pt@2x.png in Resources */ = {isa = PBXBuildFile; fileRef = 12F906C71F863A2E00464027 /* ic_photo_white_36pt@2x.png */; };
		12D7788E1F8CB48D0037CAF2 /* ic_photo_white_36pt@3x.png in Resources */ = {isa = PBXBuildFile; fileRef = 12F906C81F863A2E00464027 /* ic_photo_white_36pt@3x.png */; };
		12D7788F1F8CB48D0037CAF2 /* ic_radio_button_checked_white_24px.png in Resources */ = {isa = PBXBuildFile; fileRef = 12F906C21F863A2D00464027 /* ic_radio_button_checked_white_24px.png */; };
		12D778901F8CB48D0037CAF2 /* ic_radio_button_checked_white_24px@2x.png in Resources */ = {isa = PBXBuildFile; fileRef = 12F906C31F863A2D00464027 /* ic_radio_button_checked_white_24px@2x.png */; };
		12D778911F8CB48D0037CAF2 /* ic_radio_button_checked_white_24px@3x.png in Resources */ = {isa = PBXBuildFile; fileRef = 12F906B81F863A2C00464027 /* ic_radio_button_checked_white_24px@3x.png */; };
		12D778921F8CB48D0037CAF2 /* ic_videocam_white_36pt.png in Resources */ = {isa = PBXBuildFile; fileRef = 12F906C51F863A2D00464027 /* ic_videocam_white_36pt.png */; };
		12D778931F8CB48D0037CAF2 /* ic_videocam_white_36pt@2x.png in Resources */ = {isa = PBXBuildFile; fileRef = 12F906BB1F863A2C00464027 /* ic_videocam_white_36pt@2x.png */; };
		12D778941F8CB48D0037CAF2 /* ic_videocam_white_36pt@3x.png in Resources */ = {isa = PBXBuildFile; fileRef = 12F906B51F863A2C00464027 /* ic_videocam_white_36pt@3x.png */; };
		12D778951F8CB48D0037CAF2 /* button_recording.png in Resources */ = {isa = PBXBuildFile; fileRef = 12F906AB1F863A2400464027 /* button_recording.png */; };
		12D778961F8CB48D0037CAF2 /* button_recording@2x.png in Resources */ = {isa = PBXBuildFile; fileRef = 12F906A81F863A2400464027 /* button_recording@2x.png */; };
		12D778971F8CB48D0037CAF2 /* button_recording@3x.png in Resources */ = {isa = PBXBuildFile; fileRef = 12F906A71F863A2400464027 /* button_recording@3x.png */; };
		12D778981F8CB48D0037CAF2 /* button.png in Resources */ = {isa = PBXBuildFile; fileRef = 12F906A61F863A2400464027 /* button.png */; };
		12D778991F8CB48D0037CAF2 /* button@2x.png in Resources */ = {isa = PBXBuildFile; fileRef = 12F906A91F863A2400464027 /* button@2x.png */; };
		12D7789A1F8CB48D0037CAF2 /* button@3x.png in Resources */ = {isa = PBXBuildFile; fileRef = 12F906AA1F863A2400464027 /* button@3x.png */; };
		12D7789B1F8CB4940037CAF2 /* FSAlbumView.swift in Sources */ = {isa = PBXBuildFile; fileRef = EDDC0B4C1D0511F2009135DB /* FSAlbumView.swift */; };
		12D7789C1F8CB4940037CAF2 /* FSAlbumCircleCropView.swift in Sources */ = {isa = PBXBuildFile; fileRef = 12D122791F595B81005F4A68 /* FSAlbumCircleCropView.swift */; };
		12D7789D1F8CB4940037CAF2 /* FSAlbumViewCell.swift in Sources */ = {isa = PBXBuildFile; fileRef = EDDC0B4E1D0511F2009135DB /* FSAlbumViewCell.swift */; };
		12D7789E1F8CB4940037CAF2 /* FSCameraView.swift in Sources */ = {isa = PBXBuildFile; fileRef = EDDC0B501D0511F2009135DB /* FSCameraView.swift */; };
		12D7789F1F8CB4940037CAF2 /* UIImage+Extension.swift in Sources */ = {isa = PBXBuildFile; fileRef = 123C637A1F5EAB2700D9F163 /* UIImage+Extension.swift */; };
		12D778A01F8CB4940037CAF2 /* FSConstants.swift in Sources */ = {isa = PBXBuildFile; fileRef = EDDC0B521D0511F2009135DB /* FSConstants.swift */; };
		12D778A11F8CB4940037CAF2 /* FSImageCropView.swift in Sources */ = {isa = PBXBuildFile; fileRef = EDDC0B531D0511F2009135DB /* FSImageCropView.swift */; };
		12D778A21F8CB4940037CAF2 /* FSVideoCameraView.swift in Sources */ = {isa = PBXBuildFile; fileRef = EDDC0B3C1D04F53E009135DB /* FSVideoCameraView.swift */; };
		12D778A31F8CB4940037CAF2 /* FusumaViewController.swift in Sources */ = {isa = PBXBuildFile; fileRef = EDDC0B481D0511E7009135DB /* FusumaViewController.swift */; };
		52412A971CA6114A0073C4BE /* Fusuma.h in Headers */ = {isa = PBXBuildFile; fileRef = 52412A961CA6114A0073C4BE /* Fusuma.h */; settings = {ATTRIBUTES = (Public, ); }; };
/* End PBXBuildFile section */

/* Begin PBXFileReference section */
		123C637A1F5EAB2700D9F163 /* UIImage+Extension.swift */ = {isa = PBXFileReference; lastKnownFileType = sourcecode.swift; path = "UIImage+Extension.swift"; sourceTree = "<group>"; };
		12D122791F595B81005F4A68 /* FSAlbumCircleCropView.swift */ = {isa = PBXFileReference; fileEncoding = 4; lastKnownFileType = sourcecode.swift; path = FSAlbumCircleCropView.swift; sourceTree = "<group>"; };
		12F906321F8631F500464027 /* FSVideoCameraView.xib */ = {isa = PBXFileReference; lastKnownFileType = file.xib; path = FSVideoCameraView.xib; sourceTree = "<group>"; };
		12F906331F8631F500464027 /* FSAlbumView.xib */ = {isa = PBXFileReference; lastKnownFileType = file.xib; path = FSAlbumView.xib; sourceTree = "<group>"; };
		12F906341F8631F600464027 /* FSAlbumViewCell.xib */ = {isa = PBXFileReference; lastKnownFileType = file.xib; path = FSAlbumViewCell.xib; sourceTree = "<group>"; };
		12F906351F8631F600464027 /* FSCameraView.xib */ = {isa = PBXFileReference; lastKnownFileType = file.xib; path = FSCameraView.xib; sourceTree = "<group>"; };
		12F906361F8631F600464027 /* FusumaViewController.xib */ = {isa = PBXFileReference; lastKnownFileType = file.xib; path = FusumaViewController.xib; sourceTree = "<group>"; };
		12F906A61F863A2400464027 /* button.png */ = {isa = PBXFileReference; lastKnownFileType = image.png; path = button.png; sourceTree = "<group>"; };
		12F906A71F863A2400464027 /* button_recording@3x.png */ = {isa = PBXFileReference; lastKnownFileType = image.png; path = "button_recording@3x.png"; sourceTree = "<group>"; };
		12F906A81F863A2400464027 /* button_recording@2x.png */ = {isa = PBXFileReference; lastKnownFileType = image.png; path = "button_recording@2x.png"; sourceTree = "<group>"; };
		12F906A91F863A2400464027 /* button@2x.png */ = {isa = PBXFileReference; lastKnownFileType = image.png; path = "button@2x.png"; sourceTree = "<group>"; };
		12F906AA1F863A2400464027 /* button@3x.png */ = {isa = PBXFileReference; lastKnownFileType = image.png; path = "button@3x.png"; sourceTree = "<group>"; };
		12F906AB1F863A2400464027 /* button_recording.png */ = {isa = PBXFileReference; lastKnownFileType = image.png; path = button_recording.png; sourceTree = "<group>"; };
		12F906AC1F863A2B00464027 /* ic_loop_white_48pt.png */ = {isa = PBXFileReference; lastKnownFileType = image.png; path = ic_loop_white_48pt.png; sourceTree = "<group>"; };
		12F906AD1F863A2B00464027 /* ic_photo_camera_white_36pt@3x.png */ = {isa = PBXFileReference; lastKnownFileType = image.png; path = "ic_photo_camera_white_36pt@3x.png"; sourceTree = "<group>"; };
		12F906AE1F863A2B00464027 /* ic_loop_white_48pt@3x.png */ = {isa = PBXFileReference; lastKnownFileType = image.png; path = "ic_loop_white_48pt@3x.png"; sourceTree = "<group>"; };
		12F906AF1F863A2B00464027 /* ic_flash_auto_white_48pt@3x.png */ = {isa = PBXFileReference; lastKnownFileType = image.png; path = "ic_flash_auto_white_48pt@3x.png"; sourceTree = "<group>"; };
		12F906B01F863A2B00464027 /* ic_close_white_48pt.png */ = {isa = PBXFileReference; lastKnownFileType = image.png; path = ic_close_white_48pt.png; sourceTree = "<group>"; };
		12F906B11F863A2B00464027 /* ic_flash_auto_white_48pt.png */ = {isa = PBXFileReference; lastKnownFileType = image.png; path = ic_flash_auto_white_48pt.png; sourceTree = "<group>"; };
		12F906B21F863A2B00464027 /* ic_flash_off_white_48pt@3x.png */ = {isa = PBXFileReference; lastKnownFileType = image.png; path = "ic_flash_off_white_48pt@3x.png"; sourceTree = "<group>"; };
		12F906B31F863A2B00464027 /* ic_check_white_48pt.png */ = {isa = PBXFileReference; lastKnownFileType = image.png; path = ic_check_white_48pt.png; sourceTree = "<group>"; };
		12F906B41F863A2B00464027 /* ic_flash_on_white_48pt.png */ = {isa = PBXFileReference; lastKnownFileType = image.png; path = ic_flash_on_white_48pt.png; sourceTree = "<group>"; };
		12F906B51F863A2C00464027 /* ic_videocam_white_36pt@3x.png */ = {isa = PBXFileReference; lastKnownFileType = image.png; path = "ic_videocam_white_36pt@3x.png"; sourceTree = "<group>"; };
		12F906B61F863A2C00464027 /* ic_photo_camera_white_36pt@2x.png */ = {isa = PBXFileReference; lastKnownFileType = image.png; path = "ic_photo_camera_white_36pt@2x.png"; sourceTree = "<group>"; };
		12F906B71F863A2C00464027 /* ic_flash_off_white_48pt.png */ = {isa = PBXFileReference; lastKnownFileType = image.png; path = ic_flash_off_white_48pt.png; sourceTree = "<group>"; };
		12F906B81F863A2C00464027 /* ic_radio_button_checked_white_24px@3x.png */ = {isa = PBXFileReference; lastKnownFileType = image.png; path = "ic_radio_button_checked_white_24px@3x.png"; sourceTree = "<group>"; };
		12F906B91F863A2C00464027 /* ic_flash_off_white_48pt@2x.png */ = {isa = PBXFileReference; lastKnownFileType = image.png; path = "ic_flash_off_white_48pt@2x.png"; sourceTree = "<group>"; };
		12F906BA1F863A2C00464027 /* ic_check_white_48pt@2x.png */ = {isa = PBXFileReference; lastKnownFileType = image.png; path = "ic_check_white_48pt@2x.png"; sourceTree = "<group>"; };
		12F906BB1F863A2C00464027 /* ic_videocam_white_36pt@2x.png */ = {isa = PBXFileReference; lastKnownFileType = image.png; path = "ic_videocam_white_36pt@2x.png"; sourceTree = "<group>"; };
		12F906BC1F863A2C00464027 /* ic_flash_auto_white_48pt@2x.png */ = {isa = PBXFileReference; lastKnownFileType = image.png; path = "ic_flash_auto_white_48pt@2x.png"; sourceTree = "<group>"; };
		12F906BD1F863A2C00464027 /* ic_flash_on_white_48pt@2x.png */ = {isa = PBXFileReference; lastKnownFileType = image.png; path = "ic_flash_on_white_48pt@2x.png"; sourceTree = "<group>"; };
		12F906BE1F863A2D00464027 /* ic_close_white_48pt@3x.png */ = {isa = PBXFileReference; lastKnownFileType = image.png; path = "ic_close_white_48pt@3x.png"; sourceTree = "<group>"; };
		12F906BF1F863A2D00464027 /* ic_loop_white_48pt@2x.png */ = {isa = PBXFileReference; lastKnownFileType = image.png; path = "ic_loop_white_48pt@2x.png"; sourceTree = "<group>"; };
		12F906C01F863A2D00464027 /* ic_photo_camera_white_36pt.png */ = {isa = PBXFileReference; lastKnownFileType = image.png; path = ic_photo_camera_white_36pt.png; sourceTree = "<group>"; };
		12F906C11F863A2D00464027 /* ic_check_white_48pt@3x.png */ = {isa = PBXFileReference; lastKnownFileType = image.png; path = "ic_check_white_48pt@3x.png"; sourceTree = "<group>"; };
		12F906C21F863A2D00464027 /* ic_radio_button_checked_white_24px.png */ = {isa = PBXFileReference; lastKnownFileType = image.png; path = ic_radio_button_checked_white_24px.png; sourceTree = "<group>"; };
		12F906C31F863A2D00464027 /* ic_radio_button_checked_white_24px@2x.png */ = {isa = PBXFileReference; lastKnownFileType = image.png; path = "ic_radio_button_checked_white_24px@2x.png"; sourceTree = "<group>"; };
		12F906C41F863A2D00464027 /* ic_photo_white_36pt.png */ = {isa = PBXFileReference; lastKnownFileType = image.png; path = ic_photo_white_36pt.png; sourceTree = "<group>"; };
		12F906C51F863A2D00464027 /* ic_videocam_white_36pt.png */ = {isa = PBXFileReference; lastKnownFileType = image.png; path = ic_videocam_white_36pt.png; sourceTree = "<group>"; };
		12F906C61F863A2E00464027 /* ic_close_white_48pt@2x.png */ = {isa = PBXFileReference; lastKnownFileType = image.png; path = "ic_close_white_48pt@2x.png"; sourceTree = "<group>"; };
		12F906C71F863A2E00464027 /* ic_photo_white_36pt@2x.png */ = {isa = PBXFileReference; lastKnownFileType = image.png; path = "ic_photo_white_36pt@2x.png"; sourceTree = "<group>"; };
		12F906C81F863A2E00464027 /* ic_photo_white_36pt@3x.png */ = {isa = PBXFileReference; lastKnownFileType = image.png; path = "ic_photo_white_36pt@3x.png"; sourceTree = "<group>"; };
		12F906C91F863A2E00464027 /* ic_flash_on_white_48pt@3x.png */ = {isa = PBXFileReference; lastKnownFileType = image.png; path = "ic_flash_on_white_48pt@3x.png"; sourceTree = "<group>"; };
		52412A931CA6114A0073C4BE /* FusumaWemap.framework */ = {isa = PBXFileReference; explicitFileType = wrapper.framework; includeInIndex = 0; path = FusumaWemap.framework; sourceTree = BUILT_PRODUCTS_DIR; };
		52412A961CA6114A0073C4BE /* Fusuma.h */ = {isa = PBXFileReference; lastKnownFileType = sourcecode.c.h; path = Fusuma.h; sourceTree = "<group>"; };
		52412A981CA6114A0073C4BE /* Info.plist */ = {isa = PBXFileReference; lastKnownFileType = text.plist.xml; path = Info.plist; sourceTree = "<group>"; };
		EDDC0B3C1D04F53E009135DB /* FSVideoCameraView.swift */ = {isa = PBXFileReference; fileEncoding = 4; lastKnownFileType = sourcecode.swift; path = FSVideoCameraView.swift; sourceTree = "<group>"; };
		EDDC0B481D0511E7009135DB /* FusumaViewController.swift */ = {isa = PBXFileReference; fileEncoding = 4; indentWidth = 4; lastKnownFileType = sourcecode.swift; path = FusumaViewController.swift; sourceTree = "<group>"; tabWidth = 4; };
		EDDC0B4C1D0511F2009135DB /* FSAlbumView.swift */ = {isa = PBXFileReference; fileEncoding = 4; lastKnownFileType = sourcecode.swift; path = FSAlbumView.swift; sourceTree = "<group>"; };
		EDDC0B4E1D0511F2009135DB /* FSAlbumViewCell.swift */ = {isa = PBXFileReference; fileEncoding = 4; lastKnownFileType = sourcecode.swift; path = FSAlbumViewCell.swift; sourceTree = "<group>"; };
		EDDC0B501D0511F2009135DB /* FSCameraView.swift */ = {isa = PBXFileReference; fileEncoding = 4; lastKnownFileType = sourcecode.swift; path = FSCameraView.swift; sourceTree = "<group>"; };
		EDDC0B521D0511F2009135DB /* FSConstants.swift */ = {isa = PBXFileReference; fileEncoding = 4; lastKnownFileType = sourcecode.swift; path = FSConstants.swift; sourceTree = "<group>"; };
		EDDC0B531D0511F2009135DB /* FSImageCropView.swift */ = {isa = PBXFileReference; fileEncoding = 4; lastKnownFileType = sourcecode.swift; path = FSImageCropView.swift; sourceTree = "<group>"; };
/* End PBXFileReference section */

/* Begin PBXFrameworksBuildPhase section */
		52412A8F1CA6114A0073C4BE /* Frameworks */ = {
			isa = PBXFrameworksBuildPhase;
			buildActionMask = 2147483647;
			files = (
			);
			runOnlyForDeploymentPostprocessing = 0;
		};
/* End PBXFrameworksBuildPhase section */

/* Begin PBXGroup section */
		12F905EF1F862E8D00464027 /* Resources */ = {
			isa = PBXGroup;
			children = (
				12F906A51F863A1500464027 /* Images */,
				12F906371F86320600464027 /* XIB files */,
			);
			path = Resources;
			sourceTree = "<group>";
		};
		12F906371F86320600464027 /* XIB files */ = {
			isa = PBXGroup;
			children = (
				12F906331F8631F500464027 /* FSAlbumView.xib */,
				12F906341F8631F600464027 /* FSAlbumViewCell.xib */,
				12F906351F8631F600464027 /* FSCameraView.xib */,
				12F906321F8631F500464027 /* FSVideoCameraView.xib */,
				12F906361F8631F600464027 /* FusumaViewController.xib */,
			);
			name = "XIB files";
			sourceTree = "<group>";
		};
		12F906A51F863A1500464027 /* Images */ = {
			isa = PBXGroup;
			children = (
				12F906B31F863A2B00464027 /* ic_check_white_48pt.png */,
				12F906BA1F863A2C00464027 /* ic_check_white_48pt@2x.png */,
				12F906C11F863A2D00464027 /* ic_check_white_48pt@3x.png */,
				12F906B01F863A2B00464027 /* ic_close_white_48pt.png */,
				12F906C61F863A2E00464027 /* ic_close_white_48pt@2x.png */,
				12F906BE1F863A2D00464027 /* ic_close_white_48pt@3x.png */,
				12F906B11F863A2B00464027 /* ic_flash_auto_white_48pt.png */,
				12F906BC1F863A2C00464027 /* ic_flash_auto_white_48pt@2x.png */,
				12F906AF1F863A2B00464027 /* ic_flash_auto_white_48pt@3x.png */,
				12F906B71F863A2C00464027 /* ic_flash_off_white_48pt.png */,
				12F906B91F863A2C00464027 /* ic_flash_off_white_48pt@2x.png */,
				12F906B21F863A2B00464027 /* ic_flash_off_white_48pt@3x.png */,
				12F906B41F863A2B00464027 /* ic_flash_on_white_48pt.png */,
				12F906BD1F863A2C00464027 /* ic_flash_on_white_48pt@2x.png */,
				12F906C91F863A2E00464027 /* ic_flash_on_white_48pt@3x.png */,
				12F906AC1F863A2B00464027 /* ic_loop_white_48pt.png */,
				12F906BF1F863A2D00464027 /* ic_loop_white_48pt@2x.png */,
				12F906AE1F863A2B00464027 /* ic_loop_white_48pt@3x.png */,
				12F906C01F863A2D00464027 /* ic_photo_camera_white_36pt.png */,
				12F906B61F863A2C00464027 /* ic_photo_camera_white_36pt@2x.png */,
				12F906AD1F863A2B00464027 /* ic_photo_camera_white_36pt@3x.png */,
				12F906C41F863A2D00464027 /* ic_photo_white_36pt.png */,
				12F906C71F863A2E00464027 /* ic_photo_white_36pt@2x.png */,
				12F906C81F863A2E00464027 /* ic_photo_white_36pt@3x.png */,
				12F906C21F863A2D00464027 /* ic_radio_button_checked_white_24px.png */,
				12F906C31F863A2D00464027 /* ic_radio_button_checked_white_24px@2x.png */,
				12F906B81F863A2C00464027 /* ic_radio_button_checked_white_24px@3x.png */,
				12F906C51F863A2D00464027 /* ic_videocam_white_36pt.png */,
				12F906BB1F863A2C00464027 /* ic_videocam_white_36pt@2x.png */,
				12F906B51F863A2C00464027 /* ic_videocam_white_36pt@3x.png */,
				12F906AB1F863A2400464027 /* button_recording.png */,
				12F906A81F863A2400464027 /* button_recording@2x.png */,
				12F906A71F863A2400464027 /* button_recording@3x.png */,
				12F906A61F863A2400464027 /* button.png */,
				12F906A91F863A2400464027 /* button@2x.png */,
				12F906AA1F863A2400464027 /* button@3x.png */,
			);
			name = Images;
			sourceTree = "<group>";
		};
		52412A891CA6114A0073C4BE = {
			isa = PBXGroup;
			children = (
				52412A9E1CA6114F0073C4BE /* Sources */,
				52412A951CA6114A0073C4BE /* Fusuma */,
				52412A941CA6114A0073C4BE /* Products */,
			);
			indentWidth = 4;
			sourceTree = "<group>";
			tabWidth = 4;
		};
		52412A941CA6114A0073C4BE /* Products */ = {
			isa = PBXGroup;
			children = (
				52412A931CA6114A0073C4BE /* FusumaWemap.framework */,
			);
			name = Products;
			sourceTree = "<group>";
		};
		52412A951CA6114A0073C4BE /* Fusuma */ = {
			isa = PBXGroup;
			children = (
				52412A961CA6114A0073C4BE /* Fusuma.h */,
				52412A981CA6114A0073C4BE /* Info.plist */,
			);
			path = Fusuma;
			sourceTree = "<group>";
		};
		52412A9E1CA6114F0073C4BE /* Sources */ = {
			isa = PBXGroup;
			children = (
				12F905EF1F862E8D00464027 /* Resources */,
				EDDC0B4C1D0511F2009135DB /* FSAlbumView.swift */,
				12D122791F595B81005F4A68 /* FSAlbumCircleCropView.swift */,
				EDDC0B4E1D0511F2009135DB /* FSAlbumViewCell.swift */,
				EDDC0B501D0511F2009135DB /* FSCameraView.swift */,
				123C637A1F5EAB2700D9F163 /* UIImage+Extension.swift */,
				EDDC0B521D0511F2009135DB /* FSConstants.swift */,
				EDDC0B531D0511F2009135DB /* FSImageCropView.swift */,
				EDDC0B3C1D04F53E009135DB /* FSVideoCameraView.swift */,
				EDDC0B481D0511E7009135DB /* FusumaViewController.swift */,
			);
			path = Sources;
			sourceTree = "<group>";
		};
/* End PBXGroup section */

/* Begin PBXHeadersBuildPhase section */
		52412A901CA6114A0073C4BE /* Headers */ = {
			isa = PBXHeadersBuildPhase;
			buildActionMask = 2147483647;
			files = (
				52412A971CA6114A0073C4BE /* Fusuma.h in Headers */,
			);
			runOnlyForDeploymentPostprocessing = 0;
		};
/* End PBXHeadersBuildPhase section */

/* Begin PBXNativeTarget section */
		52412A921CA6114A0073C4BE /* FusumaWemap */ = {
			isa = PBXNativeTarget;
			buildConfigurationList = 52412A9B1CA6114A0073C4BE /* Build configuration list for PBXNativeTarget "FusumaWemap" */;
			buildPhases = (
				52412A8E1CA6114A0073C4BE /* Sources */,
				52412A8F1CA6114A0073C4BE /* Frameworks */,
				52412A901CA6114A0073C4BE /* Headers */,
				52412A911CA6114A0073C4BE /* Resources */,
			);
			buildRules = (
			);
			dependencies = (
			);
			name = FusumaWemap;
			productName = Fusuma;
			productReference = 52412A931CA6114A0073C4BE /* FusumaWemap.framework */;
			productType = "com.apple.product-type.framework";
		};
/* End PBXNativeTarget section */

/* Begin PBXProject section */
		52412A8A1CA6114A0073C4BE /* Project object */ = {
			isa = PBXProject;
			attributes = {
				LastUpgradeCheck = 0800;
				ORGANIZATIONNAME = ytakzk;
				TargetAttributes = {
					52412A921CA6114A0073C4BE = {
						CreatedOnToolsVersion = 7.3;
						LastSwiftMigration = 0800;
					};
				};
			};
			buildConfigurationList = 52412A8D1CA6114A0073C4BE /* Build configuration list for PBXProject "FusumaWemap" */;
			compatibilityVersion = "Xcode 3.2";
			developmentRegion = English;
			hasScannedForEncodings = 0;
			knownRegions = (
				en,
			);
			mainGroup = 52412A891CA6114A0073C4BE;
			productRefGroup = 52412A941CA6114A0073C4BE /* Products */;
			projectDirPath = "";
			projectRoot = "";
			targets = (
				52412A921CA6114A0073C4BE /* FusumaWemap */,
			);
		};
/* End PBXProject section */

/* Begin PBXResourcesBuildPhase section */
		52412A911CA6114A0073C4BE /* Resources */ = {
			isa = PBXResourcesBuildPhase;
			buildActionMask = 2147483647;
			files = (
				12D778791F8CB48D0037CAF2 /* ic_check_white_48pt@3x.png in Resources */,
				12D778781F8CB48D0037CAF2 /* ic_check_white_48pt@2x.png in Resources */,
				12D778741F8CB4860037CAF2 /* FSCameraView.xib in Resources */,
				12D778831F8CB48D0037CAF2 /* ic_flash_on_white_48pt.png in Resources */,
				12D7788D1F8CB48D0037CAF2 /* ic_photo_white_36pt@2x.png in Resources */,
				12D778731F8CB4860037CAF2 /* FSAlbumViewCell.xib in Resources */,
				12D778821F8CB48D0037CAF2 /* ic_flash_off_white_48pt@3x.png in Resources */,
				12D778721F8CB4860037CAF2 /* FSAlbumView.xib in Resources */,
				12D778851F8CB48D0037CAF2 /* ic_flash_on_white_48pt@3x.png in Resources */,
				12D7787A1F8CB48D0037CAF2 /* ic_close_white_48pt.png in Resources */,
				12D7788C1F8CB48D0037CAF2 /* ic_photo_white_36pt.png in Resources */,
				12D778951F8CB48D0037CAF2 /* button_recording.png in Resources */,
				12D778751F8CB4860037CAF2 /* FSVideoCameraView.xib in Resources */,
				12D7788B1F8CB48D0037CAF2 /* ic_photo_camera_white_36pt@3x.png in Resources */,
				12D7788F1F8CB48D0037CAF2 /* ic_radio_button_checked_white_24px.png in Resources */,
				12D778891F8CB48D0037CAF2 /* ic_photo_camera_white_36pt.png in Resources */,
				12D778911F8CB48D0037CAF2 /* ic_radio_button_checked_white_24px@3x.png in Resources */,
				12D778881F8CB48D0037CAF2 /* ic_loop_white_48pt@3x.png in Resources */,
				12D7787E1F8CB48D0037CAF2 /* ic_flash_auto_white_48pt@2x.png in Resources */,
				12D7787D1F8CB48D0037CAF2 /* ic_flash_auto_white_48pt.png in Resources */,
				12D778901F8CB48D0037CAF2 /* ic_radio_button_checked_white_24px@2x.png in Resources */,
				12D7787B1F8CB48D0037CAF2 /* ic_close_white_48pt@2x.png in Resources */,
				12D778991F8CB48D0037CAF2 /* button@2x.png in Resources */,
				12D7788A1F8CB48D0037CAF2 /* ic_photo_camera_white_36pt@2x.png in Resources */,
				12D7789A1F8CB48D0037CAF2 /* button@3x.png in Resources */,
				12D778841F8CB48D0037CAF2 /* ic_flash_on_white_48pt@2x.png in Resources */,
				12D778771F8CB48D0037CAF2 /* ic_check_white_48pt.png in Resources */,
				12D7787F1F8CB48D0037CAF2 /* ic_flash_auto_white_48pt@3x.png in Resources */,
				12D778941F8CB48D0037CAF2 /* ic_videocam_white_36pt@3x.png in Resources */,
				12D778761F8CB4860037CAF2 /* FusumaViewController.xib in Resources */,
				12D778961F8CB48D0037CAF2 /* button_recording@2x.png in Resources */,
				12D778921F8CB48D0037CAF2 /* ic_videocam_white_36pt.png in Resources */,
				12D778811F8CB48D0037CAF2 /* ic_flash_off_white_48pt@2x.png in Resources */,
				12D7787C1F8CB48D0037CAF2 /* ic_close_white_48pt@3x.png in Resources */,
				12D778931F8CB48D0037CAF2 /* ic_videocam_white_36pt@2x.png in Resources */,
				12D778801F8CB48D0037CAF2 /* ic_flash_off_white_48pt.png in Resources */,
				12D778871F8CB48D0037CAF2 /* ic_loop_white_48pt@2x.png in Resources */,
				12D778861F8CB48D0037CAF2 /* ic_loop_white_48pt.png in Resources */,
				12D7788E1F8CB48D0037CAF2 /* ic_photo_white_36pt@3x.png in Resources */,
				12D778981F8CB48D0037CAF2 /* button.png in Resources */,
				12D778971F8CB48D0037CAF2 /* button_recording@3x.png in Resources */,
			);
			runOnlyForDeploymentPostprocessing = 0;
		};
/* End PBXResourcesBuildPhase section */

/* Begin PBXSourcesBuildPhase section */
		52412A8E1CA6114A0073C4BE /* Sources */ = {
			isa = PBXSourcesBuildPhase;
			buildActionMask = 2147483647;
			files = (
				12D7789B1F8CB4940037CAF2 /* FSAlbumView.swift in Sources */,
				12D7789C1F8CB4940037CAF2 /* FSAlbumCircleCropView.swift in Sources */,
				12D7789F1F8CB4940037CAF2 /* UIImage+Extension.swift in Sources */,
				12D778A31F8CB4940037CAF2 /* FusumaViewController.swift in Sources */,
				12D7789E1F8CB4940037CAF2 /* FSCameraView.swift in Sources */,
				12D778A01F8CB4940037CAF2 /* FSConstants.swift in Sources */,
				12D7789D1F8CB4940037CAF2 /* FSAlbumViewCell.swift in Sources */,
				12D778A21F8CB4940037CAF2 /* FSVideoCameraView.swift in Sources */,
				12D778A11F8CB4940037CAF2 /* FSImageCropView.swift in Sources */,
			);
			runOnlyForDeploymentPostprocessing = 0;
		};
/* End PBXSourcesBuildPhase section */

/* Begin XCBuildConfiguration section */
		52412A991CA6114A0073C4BE /* Debug */ = {
			isa = XCBuildConfiguration;
			buildSettings = {
				ALWAYS_SEARCH_USER_PATHS = NO;
				CLANG_ANALYZER_NONNULL = YES;
				CLANG_CXX_LANGUAGE_STANDARD = "gnu++0x";
				CLANG_CXX_LIBRARY = "libc++";
				CLANG_ENABLE_MODULES = YES;
				CLANG_ENABLE_OBJC_ARC = YES;
				CLANG_WARN_BOOL_CONVERSION = YES;
				CLANG_WARN_CONSTANT_CONVERSION = YES;
				CLANG_WARN_DIRECT_OBJC_ISA_USAGE = YES_ERROR;
				CLANG_WARN_EMPTY_BODY = YES;
				CLANG_WARN_ENUM_CONVERSION = YES;
				CLANG_WARN_INFINITE_RECURSION = YES;
				CLANG_WARN_INT_CONVERSION = YES;
				CLANG_WARN_OBJC_ROOT_CLASS = YES_ERROR;
				CLANG_WARN_SUSPICIOUS_MOVE = YES;
				CLANG_WARN_UNREACHABLE_CODE = YES;
				CLANG_WARN__DUPLICATE_METHOD_MATCH = YES;
				"CODE_SIGN_IDENTITY[sdk=iphoneos*]" = "iPhone Developer";
				COPY_PHASE_STRIP = NO;
				CURRENT_PROJECT_VERSION = 1;
				DEBUG_INFORMATION_FORMAT = dwarf;
				ENABLE_STRICT_OBJC_MSGSEND = YES;
				ENABLE_TESTABILITY = YES;
				GCC_C_LANGUAGE_STANDARD = gnu99;
				GCC_DYNAMIC_NO_PIC = NO;
				GCC_NO_COMMON_BLOCKS = YES;
				GCC_OPTIMIZATION_LEVEL = 0;
				GCC_PREPROCESSOR_DEFINITIONS = (
					"DEBUG=1",
					"$(inherited)",
				);
				GCC_WARN_64_TO_32_BIT_CONVERSION = YES;
				GCC_WARN_ABOUT_RETURN_TYPE = YES_ERROR;
				GCC_WARN_UNDECLARED_SELECTOR = YES;
				GCC_WARN_UNINITIALIZED_AUTOS = YES_AGGRESSIVE;
				GCC_WARN_UNUSED_FUNCTION = YES;
				GCC_WARN_UNUSED_VARIABLE = YES;
				IPHONEOS_DEPLOYMENT_TARGET = 8.0;
				MTL_ENABLE_DEBUG_INFO = YES;
				ONLY_ACTIVE_ARCH = YES;
				SDKROOT = iphoneos;
				SWIFT_OPTIMIZATION_LEVEL = "-Onone";
				SWIFT_VERSION = 3.0;
				TARGETED_DEVICE_FAMILY = "1,2";
				VERSIONING_SYSTEM = "apple-generic";
				VERSION_INFO_PREFIX = "";
			};
			name = Debug;
		};
		52412A9A1CA6114A0073C4BE /* Release */ = {
			isa = XCBuildConfiguration;
			buildSettings = {
				ALWAYS_SEARCH_USER_PATHS = NO;
				CLANG_ANALYZER_NONNULL = YES;
				CLANG_CXX_LANGUAGE_STANDARD = "gnu++0x";
				CLANG_CXX_LIBRARY = "libc++";
				CLANG_ENABLE_MODULES = YES;
				CLANG_ENABLE_OBJC_ARC = YES;
				CLANG_WARN_BOOL_CONVERSION = YES;
				CLANG_WARN_CONSTANT_CONVERSION = YES;
				CLANG_WARN_DIRECT_OBJC_ISA_USAGE = YES_ERROR;
				CLANG_WARN_EMPTY_BODY = YES;
				CLANG_WARN_ENUM_CONVERSION = YES;
				CLANG_WARN_INFINITE_RECURSION = YES;
				CLANG_WARN_INT_CONVERSION = YES;
				CLANG_WARN_OBJC_ROOT_CLASS = YES_ERROR;
				CLANG_WARN_SUSPICIOUS_MOVE = YES;
				CLANG_WARN_UNREACHABLE_CODE = YES;
				CLANG_WARN__DUPLICATE_METHOD_MATCH = YES;
				"CODE_SIGN_IDENTITY[sdk=iphoneos*]" = "iPhone Developer";
				COPY_PHASE_STRIP = NO;
				CURRENT_PROJECT_VERSION = 1;
				DEBUG_INFORMATION_FORMAT = "dwarf-with-dsym";
				ENABLE_NS_ASSERTIONS = NO;
				ENABLE_STRICT_OBJC_MSGSEND = YES;
				GCC_C_LANGUAGE_STANDARD = gnu99;
				GCC_NO_COMMON_BLOCKS = YES;
				GCC_WARN_64_TO_32_BIT_CONVERSION = YES;
				GCC_WARN_ABOUT_RETURN_TYPE = YES_ERROR;
				GCC_WARN_UNDECLARED_SELECTOR = YES;
				GCC_WARN_UNINITIALIZED_AUTOS = YES_AGGRESSIVE;
				GCC_WARN_UNUSED_FUNCTION = YES;
				GCC_WARN_UNUSED_VARIABLE = YES;
				IPHONEOS_DEPLOYMENT_TARGET = 8.0;
				MTL_ENABLE_DEBUG_INFO = NO;
				ONLY_ACTIVE_ARCH = YES;
				SDKROOT = iphoneos;
				SWIFT_OPTIMIZATION_LEVEL = "-Owholemodule";
				SWIFT_VERSION = 3.0;
				TARGETED_DEVICE_FAMILY = "1,2";
				VALIDATE_PRODUCT = YES;
				VERSIONING_SYSTEM = "apple-generic";
				VERSION_INFO_PREFIX = "";
			};
			name = Release;
		};
		52412A9C1CA6114A0073C4BE /* Debug */ = {
			isa = XCBuildConfiguration;
			buildSettings = {
				CLANG_ENABLE_MODULES = YES;
				"CODE_SIGN_IDENTITY[sdk=iphoneos*]" = "";
				DEFINES_MODULE = YES;
				DYLIB_COMPATIBILITY_VERSION = 1;
				DYLIB_CURRENT_VERSION = 1;
				DYLIB_INSTALL_NAME_BASE = "@rpath";
				INFOPLIST_FILE = Fusuma/Info.plist;
				INSTALL_PATH = "$(LOCAL_LIBRARY_DIR)/Frameworks";
				LD_RUNPATH_SEARCH_PATHS = "$(inherited) @executable_path/Frameworks @loader_path/Frameworks";
				ONLY_ACTIVE_ARCH = YES;
				PRODUCT_BUNDLE_IDENTIFIER = me.ytakzk.Fusuma;
				PRODUCT_NAME = "$(TARGET_NAME)";
				SKIP_INSTALL = YES;
				SWIFT_OPTIMIZATION_LEVEL = "-Onone";
				SWIFT_VERSION = 3.0;
			};
			name = Debug;
		};
		52412A9D1CA6114A0073C4BE /* Release */ = {
			isa = XCBuildConfiguration;
			buildSettings = {
				CLANG_ENABLE_MODULES = YES;
				"CODE_SIGN_IDENTITY[sdk=iphoneos*]" = "";
				DEFINES_MODULE = YES;
				DYLIB_COMPATIBILITY_VERSION = 1;
				DYLIB_CURRENT_VERSION = 1;
				DYLIB_INSTALL_NAME_BASE = "@rpath";
				INFOPLIST_FILE = Fusuma/Info.plist;
				INSTALL_PATH = "$(LOCAL_LIBRARY_DIR)/Frameworks";
				LD_RUNPATH_SEARCH_PATHS = "$(inherited) @executable_path/Frameworks @loader_path/Frameworks";
				ONLY_ACTIVE_ARCH = YES;
				PRODUCT_BUNDLE_IDENTIFIER = me.ytakzk.Fusuma;
				PRODUCT_NAME = "$(TARGET_NAME)";
				SKIP_INSTALL = YES;
				SWIFT_VERSION = 3.0;
			};
			name = Release;
		};
/* End XCBuildConfiguration section */

/* Begin XCConfigurationList section */
		52412A8D1CA6114A0073C4BE /* Build configuration list for PBXProject "FusumaWemap" */ = {
			isa = XCConfigurationList;
			buildConfigurations = (
				52412A991CA6114A0073C4BE /* Debug */,
				52412A9A1CA6114A0073C4BE /* Release */,
			);
			defaultConfigurationIsVisible = 0;
			defaultConfigurationName = Release;
		};
		52412A9B1CA6114A0073C4BE /* Build configuration list for PBXNativeTarget "FusumaWemap" */ = {
			isa = XCConfigurationList;
			buildConfigurations = (
				52412A9C1CA6114A0073C4BE /* Debug */,
				52412A9D1CA6114A0073C4BE /* Release */,
			);
			defaultConfigurationIsVisible = 0;
			defaultConfigurationName = Release;
		};
/* End XCConfigurationList section */
	};
	rootObject = 52412A8A1CA6114A0073C4BE /* Project object */;
}
